{
    "_readme": [
        "This file locks the dependencies of your project to a known state",
        "Read more about it at https://getcomposer.org/doc/01-basic-usage.md#installing-dependencies",
        "This file is @generated automatically"
    ],
    "content-hash": "8c4fb8c8dea837c8f2086a8f86cf323f",
    "packages": [
        {
            "name": "bayfrontmedia/php-array-helpers",
            "version": "v1.1.0",
            "source": {
                "type": "git",
                "url": "https://github.com/bayfrontmedia/php-array-helpers.git",
                "reference": "ac938e3b5a252960539e331075d86a1e38bb4264"
            },
            "dist": {
                "type": "zip",
                "url": "https://api.github.com/repos/bayfrontmedia/php-array-helpers/zipball/ac938e3b5a252960539e331075d86a1e38bb4264",
                "reference": "ac938e3b5a252960539e331075d86a1e38bb4264",
                "shasum": ""
            },
            "require": {
                "php": ">=7.1.0"
            },
            "type": "library",
            "autoload": {
                "psr-4": {
                    "Bayfront\\ArrayHelpers\\": "src/"
                }
            },
            "notification-url": "https://packagist.org/downloads/",
            "license": [
                "MIT"
            ],
            "authors": [
                {
                    "name": "John Robinson",
                    "email": "john@bayfrontmedia.com",
                    "homepage": "https://www.bayfrontmedia.com",
                    "role": "Developer"
                }
            ],
            "description": "Helper class to provide useful array functions.",
            "homepage": "https://github.com/bayfrontmedia/php-array-helpers",
            "keywords": [
                "array",
                "function",
                "helper",
                "helpers",
                "php"
            ],
            "support": {
                "issues": "https://github.com/bayfrontmedia/php-array-helpers/issues",
                "source": "https://github.com/bayfrontmedia/php-array-helpers/tree/v1.1.0"
            },
            "funding": [
                {
                    "url": "https://www.patreon.com/bayfrontmedia",
                    "type": "patreon"
                }
            ],
            "time": "2020-11-23T16:52:47+00:00"
        },
        {
            "name": "bayfrontmedia/php-string-helpers",
            "version": "v1.1.0",
            "source": {
                "type": "git",
                "url": "https://github.com/bayfrontmedia/php-string-helpers.git",
                "reference": "de6736a0c8399433a6b49b2f0665552f7e31ce49"
            },
            "dist": {
                "type": "zip",
                "url": "https://api.github.com/repos/bayfrontmedia/php-string-helpers/zipball/de6736a0c8399433a6b49b2f0665552f7e31ce49",
                "reference": "de6736a0c8399433a6b49b2f0665552f7e31ce49",
                "shasum": ""
            },
            "require": {
                "ext-iconv": "*",
                "ext-mbstring": "*",
                "php": ">=7.1.0"
            },
            "type": "library",
            "autoload": {
                "psr-4": {
                    "Bayfront\\StringHelpers\\": "src/"
                }
            },
            "notification-url": "https://packagist.org/downloads/",
            "license": [
                "MIT"
            ],
            "authors": [
                {
                    "name": "John Robinson",
                    "email": "john@bayfrontmedia.com",
                    "homepage": "https://www.bayfrontmedia.com",
                    "role": "Developer"
                }
            ],
            "description": "Helper class to provide useful string functions.",
            "homepage": "https://github.com/bayfrontmedia/php-string-helpers",
            "keywords": [
                "function",
                "helper",
                "helpers",
                "php",
                "string"
            ],
            "support": {
                "issues": "https://github.com/bayfrontmedia/php-string-helpers/issues",
                "source": "https://github.com/bayfrontmedia/php-string-helpers/tree/v1.1.0"
            },
            "funding": [
                {
                    "url": "https://www.patreon.com/bayfrontmedia",
                    "type": "patreon"
                }
            ],
            "time": "2020-12-30T23:28:08+00:00"
        }
    ],
    "packages-dev": [],
    "aliases": [],
    "minimum-stability": "stable",
    "stability-flags": [],
    "prefer-stable": false,
    "prefer-lowest": false,
    "platform": {
        "php": ">=7.1.0",
        "ext-pdo": "*"
    },
    "platform-dev": [],
    "plugin-api-version": "2.0.0"
}
